<?xml version="1.0" encoding="utf-8"?>
<Project ToolsVersion="4.0" xmlns="http://schemas.microsoft.com/developer/msbuild/2003">
  <ItemGroup>
    <ClCompile Include="CircularLinkedlist\4_3.c" />
    <ClCompile Include="arrlist\addPoly.c" />
    <ClCompile Include="arrlist\ex3_4.c" />
    <ClCompile Include="arrlist\ex3_6.c" />
    <ClCompile Include="CircularLinkedlist\CircularLinkedList.c" />
    <ClCompile Include="Linkedlist\ex4_5.c" />
    <ClCompile Include="Linkedlist\InsertLinkedList.c" />
    <ClCompile Include="Linkedlist\LinkedList.c" />
    <ClCompile Include="Linkedlist\LinkedPoly.c" />
    <ClCompile Include="Recursion\Recursion1.c" />
  </ItemGroup>
  <ItemGroup>
    <ClInclude Include="arrlist\addPoly.h" />
    <ClInclude Include="CircularLinkedlist\CircularLinkedList.h" />
    <ClInclude Include="Linkedlist\InsertLinkedList.h" />
    <ClInclude Include="Linkedlist\LinkedList.h" />
    <ClInclude Include="Linkedlist\LinkedPoly.h" />
  </ItemGroup>
</Project>